
Microsoft Visual Studio Solution File, Format Version 12.00
# Visual Studio Version 17
VisualStudioVersion = 17.4.33122.133
MinimumVisualStudioVersion = 10.0.40219.1
Project("{FAE04EC0-301F-11D3-BF4B-00C04F79EFBC}") = "Snowfall", "Snowfall\Snowfall.csproj", "{18E187F0-9A23-4E24-8799-356E3C242BCD}"
EndProject
Global
	GlobalSection(SolutionConfigurationPlatforms) = preSolution
		Debug|Any CPU = Debug|Any CPU
		Release|Any CPU = Release|Any CPU
	EndGlobalSection
	GlobalSection(ProjectConfigurationPlatforms) = postSolution
		{18E187F0-9A23-4E24-8799-356E3C242BCD}.Debug|Any CPU.ActiveCfg = Debug|Any CPU
		{18E187F0-9A23-4E24-8799-356E3C242BCD}.Debug|Any CPU.Build.0 = Debug|Any CPU
		{18E187F0-9A23-4E24-8799-356E3C242BCD}.Release|Any CPU.ActiveCfg = Release|Any CPU
		{18E187F0-9A23-4E24-8799-356E3C242BCD}.Release|Any CPU.Build.0 = Release|Any CPU
	EndGlobalSection
	GlobalSection(SolutionProperties) = preSolution
		HideSolutionNode = FALSE
	EndGlobalSection
	GlobalSection(ExtensibilityGlobals) = postSolution
		SolutionGuid = {2E76CF14-4A13-4A55-A083-B253782C3D5A}
	EndGlobalSection
EndGlobal
